github.com/adityatelange/hugo-PaperMod v0.0.0-20250524045829-5a4651783fa9 h1:vSOmKCogP6L4SV2eO7A2zgO7sdml4Ta7tZSd6ccOTmQ=
github.com/adityatelange/hugo-PaperMod v0.0.0-20250524045829-5a4651783fa9/go.mod h1:HCHxNMKYdGafUYjVV3ICiAqznZK2yH0iI53jqcDFDdQ=
github.com/sergeyklay/gohugo-theme-ed v0.8.0 h1:bB9c7lWdYdrlomG3dEqpjd8fVP75GIjAaMA/5pTzvug=
github.com/sergeyklay/gohugo-theme-ed v0.8.0/go.mod h1:1/VLBmJiJUJP93Qwdg2HzJzWq2dfgf6UVnWhAnbouYg=
